
Microsoft Visual Studio Solution File, Format Version 12.00
# Visual Studio Version 16
VisualStudioVersion = 16.0.33214.272
MinimumVisualStudioVersion = 10.0.40219.1
Project("{FAE04EC0-301F-11D3-BF4B-00C04F79EFBC}") = "Final Project - Hans Legaspi", "Final Project - Hans Legaspi.csproj", "{D436A7BD-5E0A-4919-9E92-F44DF0499569}"
EndProject
Global
	GlobalSection(SolutionConfigurationPlatforms) = preSolution
		Debug|Any CPU = Debug|Any CPU
		Release|Any CPU = Release|Any CPU
	EndGlobalSection
	GlobalSection(ProjectConfigurationPlatforms) = postSolution
		{D436A7BD-5E0A-4919-9E92-F44DF0499569}.Debug|Any CPU.ActiveCfg = Debug|Any CPU
		{D436A7BD-5E0A-4919-9E92-F44DF0499569}.Debug|Any CPU.Build.0 = Debug|Any CPU
		{D436A7BD-5E0A-4919-9E92-F44DF0499569}.Release|Any CPU.ActiveCfg = Release|Any CPU
		{D436A7BD-5E0A-4919-9E92-F44DF0499569}.Release|Any CPU.Build.0 = Release|Any CPU
	EndGlobalSection
	GlobalSection(SolutionProperties) = preSolution
		HideSolutionNode = FALSE
	EndGlobalSection
	GlobalSection(ExtensibilityGlobals) = postSolution
		SolutionGuid = {E615C0A1-CEFC-4BA7-A779-F64D11467129}
	EndGlobalSection
EndGlobal
